# This file is automatically @generated by Poetry and should not be changed by hand.

[[package]]
name = "atomicwrites"
version = "1.4.1"
description = "Atomic file writes."
category = "dev"
optional = false
python-versions = ">=2.7, !=3.0.*, !=3.1.*, !=3.2.*, !=3.3.*"
files = [
    {file = "atomicwrites-1.4.1.tar.gz", hash = "sha256:81b2c9071a49367a7f770170e5eec8cb66567cfbbc8c73d20ce5ca4a8d71cf11"},
]

[[package]]
name = "attrs"
version = "22.2.0"
description = "Classes Without Boilerplate"
category = "dev"
optional = false
python-versions = ">=3.6"
files = [
    {file = "attrs-22.2.0-py3-none-any.whl", hash = "sha256:29e95c7f6778868dbd49170f98f8818f78f3dc5e0e37c0b1f474e3561b240836"},
    {file = "attrs-22.2.0.tar.gz", hash = "sha256:c9227bfc2f01993c03f68db37d1d15c9690188323c067c641f1a35ca58185f99"},
]

[package.extras]
cov = ["attrs[tests]", "coverage-enable-subprocess", "coverage[toml] (>=5.3)"]
dev = ["attrs[docs,tests]"]
docs = ["furo", "myst-parser", "sphinx", "sphinx-notfound-page", "sphinxcontrib-towncrier", "towncrier", "zope.interface"]
tests = ["attrs[tests-no-zope]", "zope.interface"]
tests-no-zope = ["cloudpickle", "cloudpickle", "hypothesis", "hypothesis", "mypy (>=0.971,<0.990)", "mypy (>=0.971,<0.990)", "pympler", "pympler", "pytest (>=4.3.0)", "pytest (>=4.3.0)", "pytest-mypy-plugins", "pytest-mypy-plugins", "pytest-xdist[psutil]", "pytest-xdist[psutil]"]

[[package]]
name = "black"
version = "22.12.0"
description = "The uncompromising code formatter."
category = "dev"
optional = false
python-versions = ">=3.7"
files = [
    {file = "black-22.12.0-cp310-cp310-manylinux_2_17_x86_64.manylinux2014_x86_64.whl", hash = "sha256:9eedd20838bd5d75b80c9f5487dbcb06836a43833a37846cf1d8c1cc01cef59d"},
    {file = "black-22.12.0-cp310-cp310-win_amd64.whl", hash = "sha256:159a46a4947f73387b4d83e87ea006dbb2337eab6c879620a3ba52699b1f4351"},
    {file = "black-22.12.0-cp311-cp311-manylinux_2_17_x86_64.manylinux2014_x86_64.whl", hash = "sha256:d30b212bffeb1e252b31dd269dfae69dd17e06d92b87ad26e23890f3efea366f"},
    {file = "black-22.12.0-cp311-cp311-win_amd64.whl", hash = "sha256:7412e75863aa5c5411886804678b7d083c7c28421210180d67dfd8cf1221e1f4"},
    {file = "black-22.12.0-cp37-cp37m-manylinux_2_17_x86_64.manylinux2014_x86_64.whl", hash = "sha256:c116eed0efb9ff870ded8b62fe9f28dd61ef6e9ddd28d83d7d264a38417dcee2"},
    {file = "black-22.12.0-cp37-cp37m-win_amd64.whl", hash = "sha256:1f58cbe16dfe8c12b7434e50ff889fa479072096d79f0a7f25e4ab8e94cd8350"},
    {file = "black-22.12.0-cp38-cp38-manylinux_2_17_x86_64.manylinux2014_x86_64.whl", hash = "sha256:77d86c9f3db9b1bf6761244bc0b3572a546f5fe37917a044e02f3166d5aafa7d"},
    {file = "black-22.12.0-cp38-cp38-win_amd64.whl", hash = "sha256:82d9fe8fee3401e02e79767016b4907820a7dc28d70d137eb397b92ef3cc5bfc"},
    {file = "black-22.12.0-cp39-cp39-manylinux_2_17_x86_64.manylinux2014_x86_64.whl", hash = "sha256:101c69b23df9b44247bd88e1d7e90154336ac4992502d4197bdac35dd7ee3320"},
    {file = "black-22.12.0-cp39-cp39-win_amd64.whl", hash = "sha256:559c7a1ba9a006226f09e4916060982fd27334ae1998e7a38b3f33a37f7a2148"},
    {file = "black-22.12.0-py3-none-any.whl", hash = "sha256:436cc9167dd28040ad90d3b404aec22cedf24a6e4d7de221bec2730ec0c97bcf"},
    {file = "black-22.12.0.tar.gz", hash = "sha256:229351e5a18ca30f447bf724d007f890f97e13af070bb6ad4c0a441cd7596a2f"},
]

[package.dependencies]
click = ">=8.0.0"
mypy-extensions = ">=0.4.3"
pathspec = ">=0.9.0"
platformdirs = ">=2"
tomli = {version = ">=1.1.0", markers = "python_full_version < \"3.11.0a7\""}
typed-ast = {version = ">=1.4.2", markers = "python_version < \"3.8\" and implementation_name == \"cpython\""}
typing-extensions = {version = ">=3.10.0.0", markers = "python_version < \"3.10\""}

[package.extras]
colorama = ["colorama (>=0.4.3)"]
d = ["aiohttp (>=3.7.4)"]
jupyter = ["ipython (>=7.8.0)", "tokenize-rt (>=3.2.0)"]
uvloop = ["uvloop (>=0.15.2)"]

[[package]]
name = "cached-property"
version = "1.5.2"
description = "A decorator for caching properties in classes."
category = "main"
optional = false
python-versions = "*"
files = [
    {file = "cached-property-1.5.2.tar.gz", hash = "sha256:9fa5755838eecbb2d234c3aa390bd80fbd3ac6b6869109bfc1b499f7bd89a130"},
    {file = "cached_property-1.5.2-py2.py3-none-any.whl", hash = "sha256:df4f613cf7ad9a588cc381aaf4a512d26265ecebd5eb9e1ba12f1319eb85a6a0"},
]

[[package]]
name = "click"
version = "8.1.3"
description = "Composable command line interface toolkit"
category = "main"
optional = false
python-versions = ">=3.7"
files = [
    {file = "click-8.1.3-py3-none-any.whl", hash = "sha256:bb4d8133cb15a609f44e8213d9b391b0809795062913b383c62be0ee95b1db48"},
    {file = "click-8.1.3.tar.gz", hash = "sha256:7682dc8afb30297001674575ea00d1814d808d6a36af415a82bd481d37ba7b8e"},
]

[package.dependencies]
colorama = {version = "*", markers = "platform_system == \"Windows\""}
importlib-metadata = {version = "*", markers = "python_version < \"3.8\""}

[[package]]
name = "colorama"
version = "0.4.6"
description = "Cross-platform colored terminal text."
category = "main"
optional = false
python-versions = "!=3.0.*,!=3.1.*,!=3.2.*,!=3.3.*,!=3.4.*,!=3.5.*,!=3.6.*,>=2.7"
files = [
    {file = "colorama-0.4.6-py2.py3-none-any.whl", hash = "sha256:4f1d9991f5acc0ca119f9d443620b77f9d6b33703e51011c16baf57afb285fc6"},
    {file = "colorama-0.4.6.tar.gz", hash = "sha256:08695f5cb7ed6e0531a20572697297273c47b8cae5a63ffc6d6ed5c201be6e44"},
]

[[package]]
name = "cytoolz"
version = "0.12.1"
description = "Cython implementation of Toolz: High performance functional utilities"
category = "main"
optional = false
python-versions = ">=3.6"
files = [
    {file = "cytoolz-0.12.1-cp310-cp310-macosx_10_9_x86_64.whl", hash = "sha256:5c59bb4ca88e1c69931468bf21f91c8f64d8bf1999eb163b7a2df336f60c304a"},
    {file = "cytoolz-0.12.1-cp310-cp310-macosx_11_0_arm64.whl", hash = "sha256:4d700e011156ff112966c6d77faaae125fcaf538f4cec2b9ce8957de82858f0f"},
    {file = "cytoolz-0.12.1-cp310-cp310-manylinux_2_17_aarch64.manylinux2014_aarch64.whl", hash = "sha256:23c3f57c48eb939d2986eba4aeaeedf930ebf94d58c91a42d4e0fc45ed5427dc"},
    {file = "cytoolz-0.12.1-cp310-cp310-manylinux_2_17_ppc64le.manylinux2014_ppc64le.whl", hash = "sha256:25ff13c468c06da9ef26651dc389e7e8bb7af548f8c1dfb96305f57f18d398a8"},
    {file = "cytoolz-0.12.1-cp310-cp310-manylinux_2_17_s390x.manylinux2014_s390x.whl", hash = "sha256:a734511144309ea6e105406633affb74e303a3df07d8a3954f9b01946e27ecb1"},
    {file = "cytoolz-0.12.1-cp310-cp310-manylinux_2_17_x86_64.manylinux2014_x86_64.whl", hash = "sha256:48bc2f30d1b2646d675bb8e7778ab59379bf9edc59fe06fb0e7f85ba1271bf44"},
    {file = "cytoolz-0.12.1-cp310-cp310-manylinux_2_5_i686.manylinux1_i686.manylinux_2_17_i686.manylinux2014_i686.whl", hash = "sha256:30936ae8fa68b6a1ac8ad6c4bacb5a8a00d51bc6c89f9614a1557b0105d09f8a"},
    {file = "cytoolz-0.12.1-cp310-cp310-musllinux_1_1_aarch64.whl", hash = "sha256:efd1b2da3ee577fcfa723a214f73186aef9674dd5b28242d90443c7a82722b0f"},
    {file = "cytoolz-0.12.1-cp310-cp310-musllinux_1_1_i686.whl", hash = "sha256:6805b007af3557ee6c20dab491b6e55a8177f5b6845d9e6c653374d540366ba7"},
    {file = "cytoolz-0.12.1-cp310-cp310-musllinux_1_1_ppc64le.whl", hash = "sha256:a6e63fc67b23830947b51e0a488992e3c904fce825ead565f3904dcf621d05f7"},
    {file = "cytoolz-0.12.1-cp310-cp310-musllinux_1_1_s390x.whl", hash = "sha256:9e324a94856d88ecf10f34c102d0ded67d7c3cf644153d77e34a29720ce6aa47"},
    {file = "cytoolz-0.12.1-cp310-cp310-musllinux_1_1_x86_64.whl", hash = "sha256:02975e2b1e61e47e9afa311f4c1783d155136fad37c54a1cebfe991c5a0798a1"},
    {file = "cytoolz-0.12.1-cp310-cp310-win32.whl", hash = "sha256:b6569f6038133909cd658dbdcc6fc955f791dc47a7f5b55d2066f742253dcbfe"},
    {file = "cytoolz-0.12.1-cp310-cp310-win_amd64.whl", hash = "sha256:1be368623e46ad3c1ce807e7a436acb119c26001507b31f92ceb21b86e08c386"},
    {file = "cytoolz-0.12.1-cp311-cp311-macosx_10_9_x86_64.whl", hash = "sha256:849f461bffa1e7700ccfcb5186df29cd4cdcc9efdb7199cb8b5681dc37045d72"},
    {file = "cytoolz-0.12.1-cp311-cp311-macosx_11_0_arm64.whl", hash = "sha256:4284120c978fb7039901bf6e66832cb3e82ac1b2a107512e735bdb04fd5533ed"},
    {file = "cytoolz-0.12.1-cp311-cp311-manylinux_2_17_aarch64.manylinux2014_aarch64.whl", hash = "sha256:2ec296f01c29c809698eaf677211b6255691295c2b35caab2131e1e7eaadfbac"},
    {file = "cytoolz-0.12.1-cp311-cp311-manylinux_2_17_ppc64le.manylinux2014_ppc64le.whl", hash = "sha256:37c53f456a1c84566a7d911eec57c4c6280b915ab0600e7671582793cc2769fe"},
    {file = "cytoolz-0.12.1-cp311-cp311-manylinux_2_17_s390x.manylinux2014_s390x.whl", hash = "sha256:1b6761791973b1e839b8309d5853b40eeb413368e31beaf5f2b6ed44c6fc7cf0"},
    {file = "cytoolz-0.12.1-cp311-cp311-manylinux_2_17_x86_64.manylinux2014_x86_64.whl", hash = "sha256:ff478682e8ee6dbaa37201bb71bf4a6eee744006ab000e8f5cea05066fc7c845"},
    {file = "cytoolz-0.12.1-cp311-cp311-manylinux_2_5_i686.manylinux1_i686.manylinux_2_17_i686.manylinux2014_i686.whl", hash = "sha256:867bebe6be30ee36a836f9b835790762a74f46be8cc339ea57b68dcecdbc1133"},
    {file = "cytoolz-0.12.1-cp311-cp311-musllinux_1_1_aarch64.whl", hash = "sha256:7e903df991f0957e2b271a37bb25d28e0d260c52825ae67507d15ca55a935961"},
    {file = "cytoolz-0.12.1-cp311-cp311-musllinux_1_1_i686.whl", hash = "sha256:e797c4afb1b7962d3205b1959e1051f7e6bfbba29da44042a9efc2391f1feb38"},
    {file = "cytoolz-0.12.1-cp311-cp311-musllinux_1_1_ppc64le.whl", hash = "sha256:b8eceaa12b7f152b046b67cb053ec2b5b00f73593983de69bc5e63a8aca4a7a8"},
    {file = "cytoolz-0.12.1-cp311-cp311-musllinux_1_1_s390x.whl", hash = "sha256:b575393dd431b8e211de35bd593d831dac870172b16e2b7934f3566b8fc89377"},
    {file = "cytoolz-0.12.1-cp311-cp311-musllinux_1_1_x86_64.whl", hash = "sha256:3032c0ba42dee5836d6b57a72a569b65df2c29e8ed266cb900d569003cf933a9"},
    {file = "cytoolz-0.12.1-cp311-cp311-win32.whl", hash = "sha256:c576bd63495150385b8d05eaae775387f378be2fd9805d3ffb4d17c87271fbad"},
    {file = "cytoolz-0.12.1-cp311-cp311-win_amd64.whl", hash = "sha256:421b224dc4157a0d66625acb5798cf50858cfa06a5232d39a8bd6cf1fa88aca3"},
    {file = "cytoolz-0.12.1-cp36-cp36m-macosx_10_9_x86_64.whl", hash = "sha256:be5a454a95797343d0fb1ed02caecae73a023b1393c112951c84f17ec9f4076c"},
    {file = "cytoolz-0.12.1-cp36-cp36m-manylinux_2_17_aarch64.manylinux2014_aarch64.whl", hash = "sha256:061387aa39b9c1576c25d0c59142513c09e77a2a07bd5d6211a43c7a758b6f45"},
    {file = "cytoolz-0.12.1-cp36-cp36m-manylinux_2_17_ppc64le.manylinux2014_ppc64le.whl", hash = "sha256:14f4dbc3f0ec8f6fc68865489af21dcf042ff007d2737c27bfd73296f15db544"},
    {file = "cytoolz-0.12.1-cp36-cp36m-manylinux_2_17_s390x.manylinux2014_s390x.whl", hash = "sha256:a816bff6bf424753e1ac2441902ceaf37ae6718b745a53f6aa1a60c617fb4f5f"},
    {file = "cytoolz-0.12.1-cp36-cp36m-manylinux_2_17_x86_64.manylinux2014_x86_64.whl", hash = "sha256:633f19d1990b1cf9c67dce9c28bf8b5a18e42785d15548607a100e1236384d5d"},
    {file = "cytoolz-0.12.1-cp36-cp36m-manylinux_2_5_i686.manylinux1_i686.manylinux_2_17_i686.manylinux2014_i686.whl", hash = "sha256:6fa7009c843667868aa8bdb3d68e5ef3d6356dd418b17ed5ca4e1340e82483a5"},
    {file = "cytoolz-0.12.1-cp36-cp36m-musllinux_1_1_aarch64.whl", hash = "sha256:1c29dd04e282ddfd45b457e3551075beec9128aa9271245e58ce924bf6e055f8"},
    {file = "cytoolz-0.12.1-cp36-cp36m-musllinux_1_1_i686.whl", hash = "sha256:cd35c0be4c46274129dd1678bb911dd4e93d23968b26f4e39cd55bc7cb3b1bac"},
    {file = "cytoolz-0.12.1-cp36-cp36m-musllinux_1_1_ppc64le.whl", hash = "sha256:5158ae6d8dd112d003f677039a3613ca7d2592bfe35d7accf23684edb961fc26"},
    {file = "cytoolz-0.12.1-cp36-cp36m-musllinux_1_1_s390x.whl", hash = "sha256:7eb9e6fa8a82c3d2f519f7d3942898a97792e3895569e9501b9431048289b82f"},
    {file = "cytoolz-0.12.1-cp36-cp36m-musllinux_1_1_x86_64.whl", hash = "sha256:ac6784cc43aec51a86cf9058a2a343084f8cf46a9281bea5762bfa608127c53b"},
    {file = "cytoolz-0.12.1-cp36-cp36m-win32.whl", hash = "sha256:794cce219bbcb2f36ca220f27d5afd64eaa854e04901bd6f240be156a578b607"},
    {file = "cytoolz-0.12.1-cp36-cp36m-win_amd64.whl", hash = "sha256:695dd8231e4f1bfb9a2363775a6e4e56ad9d2058058f817203a49614f4bfe33b"},
    {file = "cytoolz-0.12.1-cp37-cp37m-macosx_10_9_x86_64.whl", hash = "sha256:b1bd8017ef0da935a20106272c5f5ff6b1114add1ccb09cfed1ff7ec5cc01c6d"},
    {file = "cytoolz-0.12.1-cp37-cp37m-manylinux_2_17_aarch64.manylinux2014_aarch64.whl", hash = "sha256:56e1ebf6eb4438b8c45cbe7e7b22fc65df0c9efa97a70d3bf2f51e08b19756a5"},
    {file = "cytoolz-0.12.1-cp37-cp37m-manylinux_2_17_ppc64le.manylinux2014_ppc64le.whl", hash = "sha256:816c2038008ebf50d81171ddfae377f1af9e71d504ec609469dcb0906bfcf2ae"},
    {file = "cytoolz-0.12.1-cp37-cp37m-manylinux_2_17_s390x.manylinux2014_s390x.whl", hash = "sha256:9bebe58f7a160db7838eb70990c704db4bdc2d58bd364290fd69be0587be8bac"},
    {file = "cytoolz-0.12.1-cp37-cp37m-manylinux_2_17_x86_64.manylinux2014_x86_64.whl", hash = "sha256:a72440305f634604827f96810e4469877b89f5c060d6852267650a49b0e3768c"},
    {file = "cytoolz-0.12.1-cp37-cp37m-manylinux_2_5_i686.manylinux1_i686.manylinux_2_17_i686.manylinux2014_i686.whl", hash = "sha256:b46ebc463bb45f278a2b94e630061c26e10077cb68d4c93583d8f4199699a5ef"},
    {file = "cytoolz-0.12.1-cp37-cp37m-musllinux_1_1_aarch64.whl", hash = "sha256:e75e287787e6adafed9d8c3d3e7647c0b5eb460221f9f92d7dfe48b45ba77c0d"},
    {file = "cytoolz-0.12.1-cp37-cp37m-musllinux_1_1_i686.whl", hash = "sha256:03ab22c9aeb1535f8647d23b6520b0c3d41aaa18d04ef42b352dde1931f2e2b1"},
    {file = "cytoolz-0.12.1-cp37-cp37m-musllinux_1_1_ppc64le.whl", hash = "sha256:b2ac288f27a2689d9e39f4cf4df5437a8eb038eaae515169586c77f9f8fb343a"},
    {file = "cytoolz-0.12.1-cp37-cp37m-musllinux_1_1_s390x.whl", hash = "sha256:97a24c0d0806fcf9a6e75fc18aeb95adc37eb0baf6451f10a2de23ffd815329d"},
    {file = "cytoolz-0.12.1-cp37-cp37m-musllinux_1_1_x86_64.whl", hash = "sha256:42c9e5cd2a48a257b1f2402334b48122501f249b8dcf77082f569f2680f185eb"},
    {file = "cytoolz-0.12.1-cp37-cp37m-win32.whl", hash = "sha256:35fae4eaa0eaf9072a5fe2d244a79e65baae4e5ddbe9cc629c5037af800213a2"},
    {file = "cytoolz-0.12.1-cp37-cp37m-win_amd64.whl", hash = "sha256:5af43ca7026ead3dd08b261e4f7163cd2cf3ceaa74fa5a81f7b7ea5d445e41d6"},
    {file = "cytoolz-0.12.1-cp38-cp38-macosx_10_9_x86_64.whl", hash = "sha256:fcc378fa97f02fbcef090b3611305425d72bd1c0afdd13ef4a82dc67d40638b6"},
    {file = "cytoolz-0.12.1-cp38-cp38-macosx_11_0_arm64.whl", hash = "sha256:cc3645cf6b9246cb8e179db2803e4f0d148211d2a2cf22d5c9b5219111cd91a0"},
    {file = "cytoolz-0.12.1-cp38-cp38-manylinux_2_17_aarch64.manylinux2014_aarch64.whl", hash = "sha256:2b245b824f4705aef0e4a03fafef3ad6cb59ef43cc564cdbf683ee28dfc11ad5"},
    {file = "cytoolz-0.12.1-cp38-cp38-manylinux_2_17_ppc64le.manylinux2014_ppc64le.whl", hash = "sha256:c1964dcb5f250fd13fac210944b20810d61ef4094a17fbbe502ab7a7eaeeace7"},
    {file = "cytoolz-0.12.1-cp38-cp38-manylinux_2_17_s390x.manylinux2014_s390x.whl", hash = "sha256:f7194a22a4a24f3561cb6ad1cca9c9b2f2cf34cc8d4bce6d6a24c80960323fa8"},
    {file = "cytoolz-0.12.1-cp38-cp38-manylinux_2_17_x86_64.manylinux2014_x86_64.whl", hash = "sha256:e1c5434db53f3a94a37ad8aedb231901e001995d899af6ed1165f3d27fa04a6a"},
    {file = "cytoolz-0.12.1-cp38-cp38-manylinux_2_5_i686.manylinux1_i686.manylinux_2_17_i686.manylinux2014_i686.whl", hash = "sha256:b30cd083ef8af4ba66d9fe5cc75c653ede3f2655f97a032db1a14cc8a006719c"},
    {file = "cytoolz-0.12.1-cp38-cp38-musllinux_1_1_aarch64.whl", hash = "sha256:bef934bd3e024d512c6c0ad1c66eb173f61d9ccb4dbca8d75f727a5604f7c2f6"},
    {file = "cytoolz-0.12.1-cp38-cp38-musllinux_1_1_i686.whl", hash = "sha256:37320669c364f7d370392af33cc1034b4563da66c22cd3261e3530f4d30dbe4b"},
    {file = "cytoolz-0.12.1-cp38-cp38-musllinux_1_1_ppc64le.whl", hash = "sha256:3cb95d23defb2322cddf70efb4af6dac191d95edaa343e8c1f58f1afa4f92ecd"},
    {file = "cytoolz-0.12.1-cp38-cp38-musllinux_1_1_s390x.whl", hash = "sha256:ac5895d5f78dbd8646fe37266655ba4995f9cfec38a86595282fee69e41787da"},
    {file = "cytoolz-0.12.1-cp38-cp38-musllinux_1_1_x86_64.whl", hash = "sha256:499af2aff04f65b4c23de1df08e1d1484a93b23ddaaa0163e44b5070b68356eb"},
    {file = "cytoolz-0.12.1-cp38-cp38-win32.whl", hash = "sha256:aa61e3da751a2dfe95aeca603f3ef510071a136ba9905f61ae6cb5d0696271ad"},
    {file = "cytoolz-0.12.1-cp38-cp38-win_amd64.whl", hash = "sha256:f5b43ce952a5a31441556c55f5f5f5a8e62c28581a0ff2a2c31c04ef992d73bd"},
    {file = "cytoolz-0.12.1-cp39-cp39-macosx_10_9_x86_64.whl", hash = "sha256:b8b8f88251b84b3877254cdd59c86a1dc6b2b39a03c6c9c067d344ef879562e0"},
    {file = "cytoolz-0.12.1-cp39-cp39-macosx_11_0_arm64.whl", hash = "sha256:d72415b0110f7958dd3a5ee98a70166f47bd42ede85e3535669c794d06f57406"},
    {file = "cytoolz-0.12.1-cp39-cp39-manylinux_2_17_aarch64.manylinux2014_aarch64.whl", hash = "sha256:f8101ab6de5aa0b26a2b5032bc488d430010c91863e701812d65836b03a12f61"},
    {file = "cytoolz-0.12.1-cp39-cp39-manylinux_2_17_ppc64le.manylinux2014_ppc64le.whl", hash = "sha256:2eed428b5e68c28abf2c71195e799850e040d67a27c05f7785319c611665b86a"},
    {file = "cytoolz-0.12.1-cp39-cp39-manylinux_2_17_s390x.manylinux2014_s390x.whl", hash = "sha256:59641eb1f41cb688b3cb2f98c9003c493a5024325f76b5c02333d08dd972127c"},
    {file = "cytoolz-0.12.1-cp39-cp39-manylinux_2_17_x86_64.manylinux2014_x86_64.whl", hash = "sha256:2a48940ff0449ffcf690310bf9228bb57885f7571406ed2fe05c98e299987195"},
    {file = "cytoolz-0.12.1-cp39-cp39-manylinux_2_5_i686.manylinux1_i686.manylinux_2_17_i686.manylinux2014_i686.whl", hash = "sha256:9bae431a5985cdb2014be09d37206c288e0d063940cf9539e9769bd2ec26b220"},
    {file = "cytoolz-0.12.1-cp39-cp39-musllinux_1_1_aarch64.whl", hash = "sha256:cb8b10405960a8e6801a4702af98ea640130ec6ecfc1208195762de3f5503ba9"},
    {file = "cytoolz-0.12.1-cp39-cp39-musllinux_1_1_i686.whl", hash = "sha256:3c9a16a5b4f54d5c0a131f56b0ca65998a9a74958b5b36840c280edba4f8b907"},
    {file = "cytoolz-0.12.1-cp39-cp39-musllinux_1_1_ppc64le.whl", hash = "sha256:49911cb533c96d275e31e7eaeb0742ac3f7afe386a1d8c40937814d75039a0f7"},
    {file = "cytoolz-0.12.1-cp39-cp39-musllinux_1_1_s390x.whl", hash = "sha256:dbae37d48ef5a0ab90cfaf2b9312d96f034b1c828208a9cbe25377a1b19ba129"},
    {file = "cytoolz-0.12.1-cp39-cp39-musllinux_1_1_x86_64.whl", hash = "sha256:c34e69be4429633fc614febe3127fa03aa418a1abb9252f29d9ba5b3394573a5"},
    {file = "cytoolz-0.12.1-cp39-cp39-win32.whl", hash = "sha256:0d474dacbafbdbb44c7de986bbf71ff56ae62df0d52ab3b6fa966784dc88737a"},
    {file = "cytoolz-0.12.1-cp39-cp39-win_amd64.whl", hash = "sha256:3d6d0b0075731832343eb88229cea4bf39e96f3fc7acbc449aadbdfec2842703"},
    {file = "cytoolz-0.12.1-pp37-pypy37_pp73-macosx_10_9_x86_64.whl", hash = "sha256:8506d1863f30d26f577c4ed59d2cfd03d2f39569f9cbaa02a764a9de73d312d5"},
    {file = "cytoolz-0.12.1-pp37-pypy37_pp73-manylinux_2_17_aarch64.manylinux2014_aarch64.whl", hash = "sha256:1a1eae39656a1685e8b3f433eecfd72015ce5c1d7519e9c8f9402153c68331bb"},
    {file = "cytoolz-0.12.1-pp37-pypy37_pp73-manylinux_2_5_i686.manylinux1_i686.manylinux_2_17_i686.manylinux2014_i686.whl", hash = "sha256:4a0055943074c6c85b77fcc3f42f7c54010a3478daa2ed9d6243d0411c84a4d3"},
    {file = "cytoolz-0.12.1-pp37-pypy37_pp73-manylinux_2_5_x86_64.manylinux1_x86_64.manylinux_2_17_x86_64.manylinux2014_x86_64.whl", hash = "sha256:a8a7a325b8fe885a6dd91093616c703134f2dacbd869bc519970df3849c2a15b"},
    {file = "cytoolz-0.12.1-pp37-pypy37_pp73-win_amd64.whl", hash = "sha256:7b60caf0fa5f1b49f1062f7dc0f66c7b23e2736bad50fa8296bfb845995e3051"},
    {file = "cytoolz-0.12.1-pp38-pypy38_pp73-macosx_10_9_x86_64.whl", hash = "sha256:980e7eb7205e01816a92f3290cfc80507957e64656b9271a0dfebb85fe3718c0"},
    {file = "cytoolz-0.12.1-pp38-pypy38_pp73-manylinux_2_17_aarch64.manylinux2014_aarch64.whl", hash = "sha256:06d38a40fe153f23cda0e823413fe9d9ebee89dd461827285316eff929fb121e"},
    {file = "cytoolz-0.12.1-pp38-pypy38_pp73-manylinux_2_5_i686.manylinux1_i686.manylinux_2_17_i686.manylinux2014_i686.whl", hash = "sha256:d540e9c34a61b53b6a374ea108794a48388178f7889d772e364cdbd6df37774c"},
    {file = "cytoolz-0.12.1-pp38-pypy38_pp73-manylinux_2_5_x86_64.manylinux1_x86_64.manylinux_2_17_x86_64.manylinux2014_x86_64.whl", hash = "sha256:117871f036926e42d3abcee587eafa9dc7383f1064ac53a806d33e76604de311"},
    {file = "cytoolz-0.12.1-pp38-pypy38_pp73-win_amd64.whl", hash = "sha256:31131b54a0c72efc0eb432dc66df546c6a54f2a7d396c9a34cf65ac1c26b1df8"},
    {file = "cytoolz-0.12.1-pp39-pypy39_pp73-macosx_10_9_x86_64.whl", hash = "sha256:4534cbfad73cdb1a6dad495530d4186d57d73089c01e9cb0558caab50e46cb3b"},
    {file = "cytoolz-0.12.1-pp39-pypy39_pp73-manylinux_2_17_aarch64.manylinux2014_aarch64.whl", hash = "sha256:50db41e875e36aec11881b8b12bc69c6f4836b7dd9e88a9e5bbf26c2cb3ba6cd"},
    {file = "cytoolz-0.12.1-pp39-pypy39_pp73-manylinux_2_5_i686.manylinux1_i686.manylinux_2_17_i686.manylinux2014_i686.whl", hash = "sha256:6716855f9c669c9e25a185d88e0f169839bf8553d16496796325acd114607c11"},
    {file = "cytoolz-0.12.1-pp39-pypy39_pp73-manylinux_2_5_x86_64.manylinux1_x86_64.manylinux_2_17_x86_64.manylinux2014_x86_64.whl", hash = "sha256:2f32452e833f0605b871626e6c61b71b0cba24233aad0e04accc3240497d4995"},
    {file = "cytoolz-0.12.1-pp39-pypy39_pp73-win_amd64.whl", hash = "sha256:ba74c239fc6cb6e962eabc420967c7565f3f363b776c89b3df5234caecf1f463"},
    {file = "cytoolz-0.12.1.tar.gz", hash = "sha256:fc33909397481c90de3cec831bfb88d97e220dc91939d996920202f184b4648e"},
]

[package.dependencies]
toolz = ">=0.8.0"

[package.extras]
cython = ["cython"]

[[package]]
name = "eth-hash"
version = "0.5.1"
description = "eth-hash: The Ethereum hashing function, keccak256, sometimes (erroneously) called sha3"
category = "main"
optional = false
python-versions = ">=3.7, <4"
files = [
    {file = "eth-hash-0.5.1.tar.gz", hash = "sha256:9805075f653e114a31a99678e93b257fb4082337696f4eff7b4371fe65158409"},
    {file = "eth_hash-0.5.1-py3-none-any.whl", hash = "sha256:4d992e885f3ae3901abbe98bd776ba62d0f6335f98c6e9fc60a39b9d114dfb5a"},
]

[package.extras]
dev = ["Sphinx (>=5.0.0,<6)", "black (>=22.0,<23)", "bumpversion (>=0.5.3,<1)", "flake8 (==3.7.9)", "ipython", "isort (>=4.2.15,<5)", "jinja2 (>=3.0.0,<3.1.0)", "mypy (==0.961)", "pydocstyle (>=5.0.0,<6)", "pytest (>=6.2.5,<7)", "pytest-watch (>=4.1.0,<5)", "pytest-xdist (>=2.4.0,<3)", "sphinx-rtd-theme (>=0.1.9,<1)", "towncrier (>=21,<22)", "tox (>=3.14.6,<4)", "twine", "wheel"]
doc = ["Sphinx (>=5.0.0,<6)", "jinja2 (>=3.0.0,<3.1.0)", "sphinx-rtd-theme (>=0.1.9,<1)", "towncrier (>=21,<22)"]
lint = ["black (>=22.0,<23)", "flake8 (==3.7.9)", "isort (>=4.2.15,<5)", "mypy (==0.961)", "pydocstyle (>=5.0.0,<6)"]
pycryptodome = ["pycryptodome (>=3.6.6,<4)"]
pysha3 = ["pysha3 (>=1.0.0,<2.0.0)", "safe-pysha3 (>=1.0.0)"]
test = ["pytest (>=6.2.5,<7)", "pytest-xdist (>=2.4.0,<3)", "tox (>=3.14.6,<4)"]

[[package]]
name = "eth-typing"
version = "3.2.0"
description = "eth-typing: Common type annotations for ethereum python packages"
category = "main"
optional = false
python-versions = ">=3.6, <4"
files = [
    {file = "eth-typing-3.2.0.tar.gz", hash = "sha256:177e2070da9bf557fe0fd46ee467a7be2d0b6476aa4dc18680603e7da1fc5690"},
    {file = "eth_typing-3.2.0-py3-none-any.whl", hash = "sha256:2d7540c1c65c0e686c1dc357b8376a53caf4e1693724a90191ad133be568841d"},
]

[package.extras]
dev = ["bumpversion (>=0.5.3,<1)", "flake8 (==3.8.3)", "ipython", "isort (>=4.2.15,<5)", "mypy (==0.782)", "pydocstyle (>=3.0.0,<4)", "pytest (>=6.2.5,<7)", "pytest-watch (>=4.1.0,<5)", "pytest-xdist", "sphinx (>=4.2.0,<5)", "sphinx-rtd-theme (>=0.1.9)", "towncrier (>=21,<22)", "tox (>=2.9.1,<3)", "twine", "wheel"]
doc = ["sphinx (>=4.2.0,<5)", "sphinx-rtd-theme (>=0.1.9)", "towncrier (>=21,<22)"]
lint = ["flake8 (==3.8.3)", "isort (>=4.2.15,<5)", "mypy (==0.782)", "pydocstyle (>=3.0.0,<4)"]
test = ["pytest (>=6.2.5,<7)", "pytest-xdist", "tox (>=2.9.1,<3)"]

[[package]]
name = "eth-utils"
version = "2.1.0"
description = "eth-utils: Common utility functions for python code that interacts with Ethereum"
category = "main"
optional = false
python-versions = ">=3.7,<4"
files = [
    {file = "eth-utils-2.1.0.tar.gz", hash = "sha256:fcb4c3c1b32947ba92970963f9aaf40da73b04ea1034964ff8c0e70595127138"},
    {file = "eth_utils-2.1.0-py3-none-any.whl", hash = "sha256:63901e54ec9e4ac16ae0a0d28e1dc48b968c20184d22f2727e5f3ca24b6250bc"},
]

[package.dependencies]
cached-property = {version = ">=1.5.2,<2", markers = "python_version < \"3.8\""}
cytoolz = {version = ">=0.10.1", markers = "implementation_name == \"cpython\""}
eth-hash = ">=0.3.1"
eth-typing = ">=3.0.0"
toolz = {version = ">0.8.2", markers = "implementation_name == \"pypy\""}

[package.extras]
dev = ["Sphinx (>=1.6.5,<2)", "black (>=22)", "bumpversion (>=0.5.3,<1)", "flake8 (==3.7.9)", "hypothesis (>=4.43.0,<5.0.0)", "ipython", "isort (>=4.2.15,<5)", "jinja2 (>=3.0.0,<3.0.1)", "mypy (==0.910)", "pydocstyle (>=5.0.0,<6)", "pytest (>=6.2.5,<7)", "pytest-watch (>=4.1.0,<5)", "pytest-xdist", "sphinx-rtd-theme (>=0.1.9,<2)", "towncrier (>=21,<22)", "tox (==3.14.6)", "twine (>=1.13,<2)", "types-setuptools", "wheel (>=0.30.0,<1.0.0)"]
doc = ["Sphinx (>=1.6.5,<2)", "jinja2 (>=3.0.0,<3.0.1)", "sphinx-rtd-theme (>=0.1.9,<2)", "towncrier (>=21,<22)"]
lint = ["black (>=22)", "flake8 (==3.7.9)", "isort (>=4.2.15,<5)", "mypy (==0.910)", "pydocstyle (>=5.0.0,<6)", "pytest (>=6.2.5,<7)", "types-setuptools"]
test = ["hypothesis (>=4.43.0,<5.0.0)", "pytest (>=6.2.5,<7)", "pytest-xdist", "tox (==3.14.6)", "types-setuptools"]

[[package]]
name = "importlib-metadata"
version = "6.0.0"
description = "Read metadata from Python packages"
category = "main"
optional = false
python-versions = ">=3.7"
files = [
    {file = "importlib_metadata-6.0.0-py3-none-any.whl", hash = "sha256:7efb448ec9a5e313a57655d35aa54cd3e01b7e1fbcf72dce1bf06119420f5bad"},
    {file = "importlib_metadata-6.0.0.tar.gz", hash = "sha256:e354bedeb60efa6affdcc8ae121b73544a7aa74156d047311948f6d711cd378d"},
]

[package.dependencies]
typing-extensions = {version = ">=3.6.4", markers = "python_version < \"3.8\""}
zipp = ">=0.5"

[package.extras]
docs = ["furo", "jaraco.packaging (>=9)", "jaraco.tidelift (>=1.4)", "rst.linker (>=1.9)", "sphinx (>=3.5)", "sphinx-lint"]
perf = ["ipython"]
testing = ["flake8 (<5)", "flufl.flake8", "importlib-resources (>=1.3)", "packaging", "pyfakefs", "pytest (>=6)", "pytest-black (>=0.3.7)", "pytest-checkdocs (>=2.4)", "pytest-cov", "pytest-enabler (>=1.3)", "pytest-flake8", "pytest-mypy (>=0.9.1)", "pytest-perf (>=0.9.2)"]

[[package]]
name = "iniconfig"
version = "2.0.0"
description = "brain-dead simple config-ini parsing"
category = "dev"
optional = false
python-versions = ">=3.7"
files = [
    {file = "iniconfig-2.0.0-py3-none-any.whl", hash = "sha256:b6a85871a79d2e3b22d2d1b94ac2824226a63c6b741c88f7ae975f18b6778374"},
    {file = "iniconfig-2.0.0.tar.gz", hash = "sha256:2d91e135bf72d31a410b17c16da610a82cb55f6b0477d1a902134b24a455b8b3"},
]

[[package]]
name = "mypy-extensions"
version = "1.0.0"
description = "Type system extensions for programs checked with the mypy type checker."
category = "dev"
optional = false
python-versions = ">=3.5"
files = [
    {file = "mypy_extensions-1.0.0-py3-none-any.whl", hash = "sha256:4392f6c0eb8a5668a69e23d168ffa70f0be9ccfd32b5cc2d26a34ae5b844552d"},
    {file = "mypy_extensions-1.0.0.tar.gz", hash = "sha256:75dbf8955dc00442a438fc4d0666508a9a97b6bd41aa2f0ffe9d2f2725af0782"},
]

[[package]]
name = "packaging"
version = "23.0"
description = "Core utilities for Python packages"
category = "dev"
optional = false
python-versions = ">=3.7"
files = [
    {file = "packaging-23.0-py3-none-any.whl", hash = "sha256:714ac14496c3e68c99c29b00845f7a2b85f3bb6f1078fd9f72fd20f0570002b2"},
    {file = "packaging-23.0.tar.gz", hash = "sha256:b6ad297f8907de0fa2fe1ccbd26fdaf387f5f47c7275fedf8cce89f99446cf97"},
]

[[package]]
name = "pathspec"
version = "0.11.0"
description = "Utility library for gitignore style pattern matching of file paths."
category = "dev"
optional = false
python-versions = ">=3.7"
files = [
    {file = "pathspec-0.11.0-py3-none-any.whl", hash = "sha256:3a66eb970cbac598f9e5ccb5b2cf58930cd8e3ed86d393d541eaf2d8b1705229"},
    {file = "pathspec-0.11.0.tar.gz", hash = "sha256:64d338d4e0914e91c1792321e6907b5a593f1ab1851de7fc269557a21b30ebbc"},
]

[[package]]
name = "platformdirs"
version = "3.0.0"
description = "A small Python package for determining appropriate platform-specific dirs, e.g. a \"user data dir\"."
category = "dev"
optional = false
python-versions = ">=3.7"
files = [
    {file = "platformdirs-3.0.0-py3-none-any.whl", hash = "sha256:b1d5eb14f221506f50d6604a561f4c5786d9e80355219694a1b244bcd96f4567"},
    {file = "platformdirs-3.0.0.tar.gz", hash = "sha256:8a1228abb1ef82d788f74139988b137e78692984ec7b08eaa6c65f1723af28f9"},
]

[package.dependencies]
typing-extensions = {version = ">=4.4", markers = "python_version < \"3.8\""}

[package.extras]
docs = ["furo (>=2022.12.7)", "proselint (>=0.13)", "sphinx (>=6.1.3)", "sphinx-autodoc-typehints (>=1.22,!=1.23.4)"]
test = ["appdirs (==1.4.4)", "covdefaults (>=2.2.2)", "pytest (>=7.2.1)", "pytest-cov (>=4)", "pytest-mock (>=3.10)"]

[[package]]
name = "pluggy"
version = "1.0.0"
description = "plugin and hook calling mechanisms for python"
category = "dev"
optional = false
python-versions = ">=3.6"
files = [
    {file = "pluggy-1.0.0-py2.py3-none-any.whl", hash = "sha256:74134bbf457f031a36d68416e1509f34bd5ccc019f0bcc952c7b909d06b37bd3"},
    {file = "pluggy-1.0.0.tar.gz", hash = "sha256:4224373bacce55f955a878bf9cfa763c1e360858e330072059e10bad68531159"},
]

[package.dependencies]
importlib-metadata = {version = ">=0.12", markers = "python_version < \"3.8\""}

[package.extras]
dev = ["pre-commit", "tox"]
testing = ["pytest", "pytest-benchmark"]

[[package]]
name = "py"
version = "1.11.0"
description = "library with cross-python path, ini-parsing, io, code, log facilities"
category = "dev"
optional = false
python-versions = ">=2.7, !=3.0.*, !=3.1.*, !=3.2.*, !=3.3.*, !=3.4.*"
files = [
    {file = "py-1.11.0-py2.py3-none-any.whl", hash = "sha256:607c53218732647dff4acdfcd50cb62615cedf612e72d1724fb1a0cc6405b378"},
    {file = "py-1.11.0.tar.gz", hash = "sha256:51c75c4126074b472f746a24399ad32f6053d1b34b68d2fa41e558e6f4a98719"},
]

[[package]]
name = "pycryptodome"
version = "3.17"
description = "Cryptographic library for Python"
category = "main"
optional = false
python-versions = ">=2.7, !=3.0.*, !=3.1.*, !=3.2.*, !=3.3.*, !=3.4.*"
files = [
    {file = "pycryptodome-3.17-cp27-cp27m-macosx_10_9_x86_64.whl", hash = "sha256:2c5631204ebcc7ae33d11c43037b2dafe25e2ab9c1de6448eb6502ac69c19a56"},
    {file = "pycryptodome-3.17-cp27-cp27m-manylinux2010_i686.whl", hash = "sha256:04779cc588ad8f13c80a060b0b1c9d1c203d051d8a43879117fe6b8aaf1cd3fa"},
    {file = "pycryptodome-3.17-cp27-cp27m-manylinux2010_x86_64.whl", hash = "sha256:f812d58c5af06d939b2baccdda614a3ffd80531a26e5faca2c9f8b1770b2b7af"},
    {file = "pycryptodome-3.17-cp27-cp27m-manylinux2014_aarch64.whl", hash = "sha256:9453b4e21e752df8737fdffac619e93c9f0ec55ead9a45df782055eb95ef37d9"},
    {file = "pycryptodome-3.17-cp27-cp27m-musllinux_1_1_aarch64.whl", hash = "sha256:121d61663267f73692e8bde5ec0d23c9146465a0d75cad75c34f75c752527b01"},
    {file = "pycryptodome-3.17-cp27-cp27m-win32.whl", hash = "sha256:ba2d4fcb844c6ba5df4bbfee9352ad5352c5ae939ac450e06cdceff653280450"},
    {file = "pycryptodome-3.17-cp27-cp27m-win_amd64.whl", hash = "sha256:87e2ca3aa557781447428c4b6c8c937f10ff215202ab40ece5c13a82555c10d6"},
    {file = "pycryptodome-3.17-cp27-cp27mu-manylinux2010_i686.whl", hash = "sha256:f44c0d28716d950135ff21505f2c764498eda9d8806b7c78764165848aa419bc"},
    {file = "pycryptodome-3.17-cp27-cp27mu-manylinux2010_x86_64.whl", hash = "sha256:5a790bc045003d89d42e3b9cb3cc938c8561a57a88aaa5691512e8540d1ae79c"},
    {file = "pycryptodome-3.17-cp27-cp27mu-manylinux2014_aarch64.whl", hash = "sha256:d086d46774e27b280e4cece8ab3d87299cf0d39063f00f1e9290d096adc5662a"},
    {file = "pycryptodome-3.17-cp27-cp27mu-musllinux_1_1_aarch64.whl", hash = "sha256:5587803d5b66dfd99e7caa31ed91fba0fdee3661c5d93684028ad6653fce725f"},
    {file = "pycryptodome-3.17-cp35-abi3-macosx_10_9_universal2.whl", hash = "sha256:e7debd9c439e7b84f53be3cf4ba8b75b3d0b6e6015212355d6daf44ac672e210"},
    {file = "pycryptodome-3.17-cp35-abi3-macosx_10_9_x86_64.whl", hash = "sha256:ca1ceb6303be1282148f04ac21cebeebdb4152590842159877778f9cf1634f09"},
    {file = "pycryptodome-3.17-cp35-abi3-manylinux2014_aarch64.whl", hash = "sha256:dc22cc00f804485a3c2a7e2010d9f14a705555f67020eb083e833cabd5bd82e4"},
    {file = "pycryptodome-3.17-cp35-abi3-manylinux_2_17_x86_64.manylinux2014_x86_64.whl", hash = "sha256:80ea8333b6a5f2d9e856ff2293dba2e3e661197f90bf0f4d5a82a0a6bc83a626"},
    {file = "pycryptodome-3.17-cp35-abi3-manylinux_2_5_i686.manylinux1_i686.manylinux_2_17_i686.manylinux2014_i686.whl", hash = "sha256:c133f6721fba313722a018392a91e3c69d3706ae723484841752559e71d69dc6"},
    {file = "pycryptodome-3.17-cp35-abi3-musllinux_1_1_aarch64.whl", hash = "sha256:333306eaea01fde50a73c4619e25631e56c4c61bd0fb0a2346479e67e3d3a820"},
    {file = "pycryptodome-3.17-cp35-abi3-musllinux_1_1_i686.whl", hash = "sha256:1a30f51b990994491cec2d7d237924e5b6bd0d445da9337d77de384ad7f254f9"},
    {file = "pycryptodome-3.17-cp35-abi3-musllinux_1_1_x86_64.whl", hash = "sha256:909e36a43fe4a8a3163e9c7fc103867825d14a2ecb852a63d3905250b308a4e5"},
    {file = "pycryptodome-3.17-cp35-abi3-win32.whl", hash = "sha256:a3228728a3808bc9f18c1797ec1179a0efb5068c817b2ffcf6bcd012494dffb2"},
    {file = "pycryptodome-3.17-cp35-abi3-win_amd64.whl", hash = "sha256:9ec565e89a6b400eca814f28d78a9ef3f15aea1df74d95b28b7720739b28f37f"},
    {file = "pycryptodome-3.17-pp27-pypy_73-macosx_10_9_x86_64.whl", hash = "sha256:e1819b67bcf6ca48341e9b03c2e45b1c891fa8eb1a8458482d14c2805c9616f2"},
    {file = "pycryptodome-3.17-pp27-pypy_73-manylinux2010_x86_64.whl", hash = "sha256:f8e550caf52472ae9126953415e4fc554ab53049a5691c45b8816895c632e4d7"},
    {file = "pycryptodome-3.17-pp27-pypy_73-win32.whl", hash = "sha256:afbcdb0eda20a0e1d44e3a1ad6d4ec3c959210f4b48cabc0e387a282f4c7deb8"},
    {file = "pycryptodome-3.17-pp38-pypy38_pp73-macosx_10_9_x86_64.whl", hash = "sha256:a74f45aee8c5cc4d533e585e0e596e9f78521e1543a302870a27b0ae2106381e"},
    {file = "pycryptodome-3.17-pp38-pypy38_pp73-manylinux_2_17_x86_64.manylinux2014_x86_64.whl", hash = "sha256:38bbd6717eac084408b4094174c0805bdbaba1f57fc250fd0309ae5ec9ed7e09"},
    {file = "pycryptodome-3.17-pp38-pypy38_pp73-manylinux_2_5_i686.manylinux1_i686.manylinux_2_17_i686.manylinux2014_i686.whl", hash = "sha256:f68d6c8ea2974a571cacb7014dbaada21063a0375318d88ac1f9300bc81e93c3"},
    {file = "pycryptodome-3.17-pp38-pypy38_pp73-win_amd64.whl", hash = "sha256:8198f2b04c39d817b206ebe0db25a6653bb5f463c2319d6f6d9a80d012ac1e37"},
    {file = "pycryptodome-3.17-pp39-pypy39_pp73-macosx_10_9_x86_64.whl", hash = "sha256:3a232474cd89d3f51e4295abe248a8b95d0332d153bf46444e415409070aae1e"},
    {file = "pycryptodome-3.17-pp39-pypy39_pp73-manylinux_2_17_x86_64.manylinux2014_x86_64.whl", hash = "sha256:4992ec965606054e8326e83db1c8654f0549cdb26fce1898dc1a20bc7684ec1c"},
    {file = "pycryptodome-3.17-pp39-pypy39_pp73-manylinux_2_5_i686.manylinux1_i686.manylinux_2_17_i686.manylinux2014_i686.whl", hash = "sha256:53068e33c74f3b93a8158dacaa5d0f82d254a81b1002e0cd342be89fcb3433eb"},
    {file = "pycryptodome-3.17-pp39-pypy39_pp73-win_amd64.whl", hash = "sha256:74794a2e2896cd0cf56fdc9db61ef755fa812b4a4900fa46c49045663a92b8d0"},
    {file = "pycryptodome-3.17.tar.gz", hash = "sha256:bce2e2d8e82fcf972005652371a3e8731956a0c1fbb719cc897943b3695ad91b"},
]

[[package]]
name = "pytest"
version = "6.2.5"
description = "pytest: simple powerful testing with Python"
category = "dev"
optional = false
python-versions = ">=3.6"
files = [
    {file = "pytest-6.2.5-py3-none-any.whl", hash = "sha256:7310f8d27bc79ced999e760ca304d69f6ba6c6649c0b60fb0e04a4a77cacc134"},
    {file = "pytest-6.2.5.tar.gz", hash = "sha256:131b36680866a76e6781d13f101efb86cf674ebb9762eb70d3082b6f29889e89"},
]

[package.dependencies]
atomicwrites = {version = ">=1.0", markers = "sys_platform == \"win32\""}
attrs = ">=19.2.0"
colorama = {version = "*", markers = "sys_platform == \"win32\""}
importlib-metadata = {version = ">=0.12", markers = "python_version < \"3.8\""}
iniconfig = "*"
packaging = "*"
pluggy = ">=0.12,<2.0"
py = ">=1.8.2"
toml = "*"

[package.extras]
testing = ["argcomplete", "hypothesis (>=3.56)", "mock", "nose", "requests", "xmlschema"]

[[package]]
name = "toml"
version = "0.10.2"
description = "Python Library for Tom's Obvious, Minimal Language"
category = "dev"
optional = false
python-versions = ">=2.6, !=3.0.*, !=3.1.*, !=3.2.*"
files = [
    {file = "toml-0.10.2-py2.py3-none-any.whl", hash = "sha256:806143ae5bfb6a3c6e736a764057db0e6a0e05e338b5630894a5f779cabb4f9b"},
    {file = "toml-0.10.2.tar.gz", hash = "sha256:b3bda1d108d5dd99f4a20d24d9c348e91c4db7ab1b749200bded2f839ccbe68f"},
]

[[package]]
name = "tomli"
version = "2.0.1"
description = "A lil' TOML parser"
category = "dev"
optional = false
python-versions = ">=3.7"
files = [
    {file = "tomli-2.0.1-py3-none-any.whl", hash = "sha256:939de3e7a6161af0c887ef91b7d41a53e7c5a1ca976325f429cb46ea9bc30ecc"},
    {file = "tomli-2.0.1.tar.gz", hash = "sha256:de526c12914f0c550d15924c62d72abc48d6fe7364aa87328337a31007fe8a4f"},
]

[[package]]
name = "tomlkit"
version = "0.11.6"
description = "Style preserving TOML library"
category = "main"
optional = false
python-versions = ">=3.6"
files = [
    {file = "tomlkit-0.11.6-py3-none-any.whl", hash = "sha256:07de26b0d8cfc18f871aec595fda24d95b08fef89d147caa861939f37230bf4b"},
    {file = "tomlkit-0.11.6.tar.gz", hash = "sha256:71b952e5721688937fb02cf9d354dbcf0785066149d2855e44531ebdd2b65d73"},
]

[[package]]
name = "toolz"
version = "0.12.0"
description = "List processing tools and functional utilities"
category = "main"
optional = false
python-versions = ">=3.5"
files = [
    {file = "toolz-0.12.0-py3-none-any.whl", hash = "sha256:2059bd4148deb1884bb0eb770a3cde70e7f954cfbbdc2285f1f2de01fd21eb6f"},
    {file = "toolz-0.12.0.tar.gz", hash = "sha256:88c570861c440ee3f2f6037c4654613228ff40c93a6c25e0eba70d17282c6194"},
]

[[package]]
name = "typed-ast"
version = "1.5.4"
description = "a fork of Python 2 and 3 ast modules with type comment support"
category = "dev"
optional = false
python-versions = ">=3.6"
files = [
    {file = "typed_ast-1.5.4-cp310-cp310-macosx_10_9_x86_64.whl", hash = "sha256:669dd0c4167f6f2cd9f57041e03c3c2ebf9063d0757dc89f79ba1daa2bfca9d4"},
    {file = "typed_ast-1.5.4-cp310-cp310-macosx_11_0_arm64.whl", hash = "sha256:211260621ab1cd7324e0798d6be953d00b74e0428382991adfddb352252f1d62"},
    {file = "typed_ast-1.5.4-cp310-cp310-manylinux_2_17_aarch64.manylinux2014_aarch64.whl", hash = "sha256:267e3f78697a6c00c689c03db4876dd1efdfea2f251a5ad6555e82a26847b4ac"},
    {file = "typed_ast-1.5.4-cp310-cp310-manylinux_2_5_x86_64.manylinux1_x86_64.manylinux_2_12_x86_64.manylinux2010_x86_64.whl", hash = "sha256:c542eeda69212fa10a7ada75e668876fdec5f856cd3d06829e6aa64ad17c8dfe"},
    {file = "typed_ast-1.5.4-cp310-cp310-win_amd64.whl", hash = "sha256:a9916d2bb8865f973824fb47436fa45e1ebf2efd920f2b9f99342cb7fab93f72"},
    {file = "typed_ast-1.5.4-cp36-cp36m-macosx_10_9_x86_64.whl", hash = "sha256:79b1e0869db7c830ba6a981d58711c88b6677506e648496b1f64ac7d15633aec"},
    {file = "typed_ast-1.5.4-cp36-cp36m-manylinux_2_17_aarch64.manylinux2014_aarch64.whl", hash = "sha256:a94d55d142c9265f4ea46fab70977a1944ecae359ae867397757d836ea5a3f47"},
    {file = "typed_ast-1.5.4-cp36-cp36m-manylinux_2_5_x86_64.manylinux1_x86_64.manylinux_2_12_x86_64.manylinux2010_x86_64.whl", hash = "sha256:183afdf0ec5b1b211724dfef3d2cad2d767cbefac291f24d69b00546c1837fb6"},
    {file = "typed_ast-1.5.4-cp36-cp36m-win_amd64.whl", hash = "sha256:639c5f0b21776605dd6c9dbe592d5228f021404dafd377e2b7ac046b0349b1a1"},
    {file = "typed_ast-1.5.4-cp37-cp37m-macosx_10_9_x86_64.whl", hash = "sha256:cf4afcfac006ece570e32d6fa90ab74a17245b83dfd6655a6f68568098345ff6"},
    {file = "typed_ast-1.5.4-cp37-cp37m-manylinux_2_17_aarch64.manylinux2014_aarch64.whl", hash = "sha256:ed855bbe3eb3715fca349c80174cfcfd699c2f9de574d40527b8429acae23a66"},
    {file = "typed_ast-1.5.4-cp37-cp37m-manylinux_2_5_x86_64.manylinux1_x86_64.manylinux_2_12_x86_64.manylinux2010_x86_64.whl", hash = "sha256:6778e1b2f81dfc7bc58e4b259363b83d2e509a65198e85d5700dfae4c6c8ff1c"},
    {file = "typed_ast-1.5.4-cp37-cp37m-win_amd64.whl", hash = "sha256:0261195c2062caf107831e92a76764c81227dae162c4f75192c0d489faf751a2"},
    {file = "typed_ast-1.5.4-cp38-cp38-macosx_10_9_x86_64.whl", hash = "sha256:2efae9db7a8c05ad5547d522e7dbe62c83d838d3906a3716d1478b6c1d61388d"},
    {file = "typed_ast-1.5.4-cp38-cp38-macosx_11_0_arm64.whl", hash = "sha256:7d5d014b7daa8b0bf2eaef684295acae12b036d79f54178b92a2b6a56f92278f"},
    {file = "typed_ast-1.5.4-cp38-cp38-manylinux_2_17_aarch64.manylinux2014_aarch64.whl", hash = "sha256:370788a63915e82fd6f212865a596a0fefcbb7d408bbbb13dea723d971ed8bdc"},
    {file = "typed_ast-1.5.4-cp38-cp38-manylinux_2_5_x86_64.manylinux1_x86_64.manylinux_2_12_x86_64.manylinux2010_x86_64.whl", hash = "sha256:4e964b4ff86550a7a7d56345c7864b18f403f5bd7380edf44a3c1fb4ee7ac6c6"},
    {file = "typed_ast-1.5.4-cp38-cp38-win_amd64.whl", hash = "sha256:683407d92dc953c8a7347119596f0b0e6c55eb98ebebd9b23437501b28dcbb8e"},
    {file = "typed_ast-1.5.4-cp39-cp39-macosx_10_9_x86_64.whl", hash = "sha256:4879da6c9b73443f97e731b617184a596ac1235fe91f98d279a7af36c796da35"},
    {file = "typed_ast-1.5.4-cp39-cp39-macosx_11_0_arm64.whl", hash = "sha256:3e123d878ba170397916557d31c8f589951e353cc95fb7f24f6bb69adc1a8a97"},
    {file = "typed_ast-1.5.4-cp39-cp39-manylinux_2_17_aarch64.manylinux2014_aarch64.whl", hash = "sha256:ebd9d7f80ccf7a82ac5f88c521115cc55d84e35bf8b446fcd7836eb6b98929a3"},
    {file = "typed_ast-1.5.4-cp39-cp39-manylinux_2_5_x86_64.manylinux1_x86_64.manylinux_2_12_x86_64.manylinux2010_x86_64.whl", hash = "sha256:98f80dee3c03455e92796b58b98ff6ca0b2a6f652120c263efdba4d6c5e58f72"},
    {file = "typed_ast-1.5.4-cp39-cp39-win_amd64.whl", hash = "sha256:0fdbcf2fef0ca421a3f5912555804296f0b0960f0418c440f5d6d3abb549f3e1"},
    {file = "typed_ast-1.5.4.tar.gz", hash = "sha256:39e21ceb7388e4bb37f4c679d72707ed46c2fbf2a5609b8b8ebc4b067d977df2"},
]

[[package]]
name = "typing-extensions"
version = "4.5.0"
description = "Backported and Experimental Type Hints for Python 3.7+"
category = "main"
optional = false
python-versions = ">=3.7"
files = [
    {file = "typing_extensions-4.5.0-py3-none-any.whl", hash = "sha256:fb33085c39dd998ac16d1431ebc293a8b3eedd00fd4a32de0ff79002c19511b4"},
    {file = "typing_extensions-4.5.0.tar.gz", hash = "sha256:5cb5f4a79139d699607b3ef622a1dedafa84e115ab0024e0d9c044a9479ca7cb"},
]

[[package]]
name = "zipp"
version = "3.14.0"
description = "Backport of pathlib-compatible object wrapper for zip files"
category = "main"
optional = false
python-versions = ">=3.7"
files = [
    {file = "zipp-3.14.0-py3-none-any.whl", hash = "sha256:188834565033387710d046e3fe96acfc9b5e86cbca7f39ff69cf21a4128198b7"},
    {file = "zipp-3.14.0.tar.gz", hash = "sha256:9e5421e176ef5ab4c0ad896624e87a7b2f07aca746c9b2aa305952800cb8eecb"},
]

[package.extras]
docs = ["furo", "jaraco.packaging (>=9)", "jaraco.tidelift (>=1.4)", "rst.linker (>=1.9)", "sphinx (>=3.5)", "sphinx-lint"]
testing = ["flake8 (<5)", "func-timeout", "jaraco.functools", "jaraco.itertools", "more-itertools", "pytest (>=6)", "pytest-black (>=0.3.7)", "pytest-checkdocs (>=2.4)", "pytest-cov", "pytest-enabler (>=1.3)", "pytest-flake8", "pytest-mypy (>=0.9.1)"]

[metadata]
lock-version = "2.0"
python-versions = "^3.7"
content-hash = "9f1e2d937c764fd8eb4ef98fb9da85b6fe3e6396a1cd594372be45aa04327fd8"
